
Microsoft Visual Studio Solution File, Format Version 12.00
# Visual Studio 15
VisualStudioVersion = 15.0.28307.539
MinimumVisualStudioVersion = 10.0.40219.1
Project("{8BC9CEB8-8B4A-11D0-8D11-00A0C91BC942}") = "BridgeDemo", "projects\BridgeDemo\BridgeDemo.vcxproj", "{59A259B0-43BD-4BB5-A2F0-566D951EC925}"
EndProject
Project("{8BC9CEB8-8B4A-11D0-8D11-00A0C91BC942}") = "MemoryDemo", "projects\MemoryDemo\MemoryDemo.vcxproj", "{3EFEDAE8-D0E4-443D-9C1D-BD13DFA89A50}"
EndProject
Project("{8BC9CEB8-8B4A-11D0-8D11-00A0C91BC942}") = "DemoTarget", "projects\DemoTarget\DemoTarget.vcxproj", "{E9C8CFB6-F7DF-4B0A-A200-DDCC4A8FBD93}"
EndProject
Global
	GlobalSection(SolutionConfigurationPlatforms) = preSolution
		Debug|x64 = Debug|x64
		Debug|x86 = Debug|x86
		Release|x64 = Release|x64
		Release|x86 = Release|x86
	EndGlobalSection
	GlobalSection(ProjectConfigurationPlatforms) = postSolution
		{59A259B0-43BD-4BB5-A2F0-566D951EC925}.Debug|x64.ActiveCfg = Debug|x64
		{59A259B0-43BD-4BB5-A2F0-566D951EC925}.Debug|x64.Build.0 = Debug|x64
		{59A259B0-43BD-4BB5-A2F0-566D951EC925}.Debug|x86.ActiveCfg = Debug|Win32
		{59A259B0-43BD-4BB5-A2F0-566D951EC925}.Debug|x86.Build.0 = Debug|Win32
		{59A259B0-43BD-4BB5-A2F0-566D951EC925}.Release|x64.ActiveCfg = Release|x64
		{59A259B0-43BD-4BB5-A2F0-566D951EC925}.Release|x64.Build.0 = Release|x64
		{59A259B0-43BD-4BB5-A2F0-566D951EC925}.Release|x86.ActiveCfg = Release|Win32
		{59A259B0-43BD-4BB5-A2F0-566D951EC925}.Release|x86.Build.0 = Release|Win32
		{3EFEDAE8-D0E4-443D-9C1D-BD13DFA89A50}.Debug|x64.ActiveCfg = Debug|x64
		{3EFEDAE8-D0E4-443D-9C1D-BD13DFA89A50}.Debug|x64.Build.0 = Debug|x64
		{3EFEDAE8-D0E4-443D-9C1D-BD13DFA89A50}.Debug|x86.ActiveCfg = Debug|Win32
		{3EFEDAE8-D0E4-443D-9C1D-BD13DFA89A50}.Debug|x86.Build.0 = Debug|Win32
		{3EFEDAE8-D0E4-443D-9C1D-BD13DFA89A50}.Release|x64.ActiveCfg = Release|x64
		{3EFEDAE8-D0E4-443D-9C1D-BD13DFA89A50}.Release|x64.Build.0 = Release|x64
		{3EFEDAE8-D0E4-443D-9C1D-BD13DFA89A50}.Release|x86.ActiveCfg = Release|Win32
		{3EFEDAE8-D0E4-443D-9C1D-BD13DFA89A50}.Release|x86.Build.0 = Release|Win32
		{E9C8CFB6-F7DF-4B0A-A200-DDCC4A8FBD93}.Debug|x64.ActiveCfg = Debug|x64
		{E9C8CFB6-F7DF-4B0A-A200-DDCC4A8FBD93}.Debug|x64.Build.0 = Debug|x64
		{E9C8CFB6-F7DF-4B0A-A200-DDCC4A8FBD93}.Debug|x86.ActiveCfg = Debug|Win32
		{E9C8CFB6-F7DF-4B0A-A200-DDCC4A8FBD93}.Debug|x86.Build.0 = Debug|Win32
		{E9C8CFB6-F7DF-4B0A-A200-DDCC4A8FBD93}.Release|x64.ActiveCfg = Release|x64
		{E9C8CFB6-F7DF-4B0A-A200-DDCC4A8FBD93}.Release|x64.Build.0 = Release|x64
		{E9C8CFB6-F7DF-4B0A-A200-DDCC4A8FBD93}.Release|x86.ActiveCfg = Release|Win32
		{E9C8CFB6-F7DF-4B0A-A200-DDCC4A8FBD93}.Release|x86.Build.0 = Release|Win32
	EndGlobalSection
	GlobalSection(SolutionProperties) = preSolution
		HideSolutionNode = FALSE
	EndGlobalSection
	GlobalSection(ExtensibilityGlobals) = postSolution
		SolutionGuid = {EE1F55E1-1E9A-46B8-A50A-97C108D5D4D9}
	EndGlobalSection
EndGlobal
